
Microsoft Visual Studio Solution File, Format Version 12.00
# Visual Studio 14
VisualStudioVersion = 14.0.25420.1
MinimumVisualStudioVersion = 10.0.40219.1
Project("{FAE04EC0-301F-11D3-BF4B-00C04F79EFBC}") = "QuanLyBanDienThoai", "QuanLyBanDienThoai\QuanLyBanDienThoai.csproj", "{EC0477D9-CE6C-4B28-9C36-0921082C0B33}"
EndProject
Project("{FAE04EC0-301F-11D3-BF4B-00C04F79EFBC}") = "DataAccess", "DataAccess\DataAccess.csproj", "{F4B72D15-849C-4074-A6BB-B43E8457E031}"
EndProject
Project("{FAE04EC0-301F-11D3-BF4B-00C04F79EFBC}") = "Core", "Core\Core\Core.csproj", "{0A047B68-6599-4388-AC25-0F769361A074}"
EndProject
Global
	GlobalSection(SolutionConfigurationPlatforms) = preSolution
		Debug|Any CPU = Debug|Any CPU
		Release|Any CPU = Release|Any CPU
	EndGlobalSection
	GlobalSection(ProjectConfigurationPlatforms) = postSolution
		{EC0477D9-CE6C-4B28-9C36-0921082C0B33}.Debug|Any CPU.ActiveCfg = Debug|Any CPU
		{EC0477D9-CE6C-4B28-9C36-0921082C0B33}.Debug|Any CPU.Build.0 = Debug|Any CPU
		{EC0477D9-CE6C-4B28-9C36-0921082C0B33}.Release|Any CPU.ActiveCfg = Release|Any CPU
		{EC0477D9-CE6C-4B28-9C36-0921082C0B33}.Release|Any CPU.Build.0 = Release|Any CPU
		{F4B72D15-849C-4074-A6BB-B43E8457E031}.Debug|Any CPU.ActiveCfg = Debug|Any CPU
		{F4B72D15-849C-4074-A6BB-B43E8457E031}.Debug|Any CPU.Build.0 = Debug|Any CPU
		{F4B72D15-849C-4074-A6BB-B43E8457E031}.Release|Any CPU.ActiveCfg = Release|Any CPU
		{F4B72D15-849C-4074-A6BB-B43E8457E031}.Release|Any CPU.Build.0 = Release|Any CPU
		{0A047B68-6599-4388-AC25-0F769361A074}.Debug|Any CPU.ActiveCfg = Debug|Any CPU
		{0A047B68-6599-4388-AC25-0F769361A074}.Debug|Any CPU.Build.0 = Debug|Any CPU
		{0A047B68-6599-4388-AC25-0F769361A074}.Release|Any CPU.ActiveCfg = Release|Any CPU
		{0A047B68-6599-4388-AC25-0F769361A074}.Release|Any CPU.Build.0 = Release|Any CPU
	EndGlobalSection
	GlobalSection(SolutionProperties) = preSolution
		HideSolutionNode = FALSE
	EndGlobalSection
EndGlobal
